
Microsoft Visual Studio Solution File, Format Version 12.00
# Visual Studio Version 17
VisualStudioVersion = 17.14.36310.24
MinimumVisualStudioVersion = 10.0.40219.1
Project("{FAE04EC0-301F-11D3-BF4B-00C04F79EFBC}") = "SEMANA1", "SEMANA1\SEMANA1.csproj", "{04AD98B8-01B4-4521-B95E-8D070BC1F594}"
EndProject
Project("{888888A0-9F3D-457C-B088-3A5042F75D52}") = "SEMANA1_PYTHON", "SEMANA1_PYTHON\SEMANA1_PYTHON.pyproj", "{0FA98EBA-0A3D-4112-A880-65FB0C5D2F98}"
EndProject
Project("{FAE04EC0-301F-11D3-BF4B-00C04F79EFBC}") = "SEM4 - C#", "SEM4 - yordan\SEM4 - C#.csproj", "{B5E235EB-E38D-451E-9613-1C1D36DEB350}"
EndProject
Project("{888888A0-9F3D-457C-B088-3A5042F75D52}") = "SEM5_PY", "SEM5_PY\SEM5_PY.pyproj", "{17C3FCFF-BEBF-436F-8035-9B83BC41D7F9}"
EndProject
Project("{FAE04EC0-301F-11D3-BF4B-00C04F79EFBC}") = "SEMANA5_C#", "SEMANA5_C#\SEMANA5_C#.csproj", "{37036F32-65B8-4543-944C-46D69E3F334A}"
EndProject
Project("{888888A0-9F3D-457C-B088-3A5042F75D52}") = "SEM6_PY", "SEM6_PY\SEM6_PY.pyproj", "{E3B27F63-FA88-4269-B45A-2774E39CCC23}"
EndProject
Project("{FAE04EC0-301F-11D3-BF4B-00C04F79EFBC}") = "SEM6_C#", "SEM6-C#\SEM6_C#.csproj", "{F2FE379B-CDF1-4CE0-9767-8B0A7EEADA2B}"
EndProject
Project("{FAE04EC0-301F-11D3-BF4B-00C04F79EFBC}") = "SEM7_C#", "SEM7_C#\SEM7_C#.csproj", "{12EB0B37-6A74-497C-B222-0AC5E1EB8F46}"
EndProject
Global
	GlobalSection(SolutionConfigurationPlatforms) = preSolution
		Debug|Any CPU = Debug|Any CPU
		Release|Any CPU = Release|Any CPU
	EndGlobalSection
	GlobalSection(ProjectConfigurationPlatforms) = postSolution
		{04AD98B8-01B4-4521-B95E-8D070BC1F594}.Debug|Any CPU.ActiveCfg = Debug|Any CPU
		{04AD98B8-01B4-4521-B95E-8D070BC1F594}.Debug|Any CPU.Build.0 = Debug|Any CPU
		{04AD98B8-01B4-4521-B95E-8D070BC1F594}.Release|Any CPU.ActiveCfg = Release|Any CPU
		{04AD98B8-01B4-4521-B95E-8D070BC1F594}.Release|Any CPU.Build.0 = Release|Any CPU
		{0FA98EBA-0A3D-4112-A880-65FB0C5D2F98}.Debug|Any CPU.ActiveCfg = Debug|Any CPU
		{0FA98EBA-0A3D-4112-A880-65FB0C5D2F98}.Release|Any CPU.ActiveCfg = Release|Any CPU
		{B5E235EB-E38D-451E-9613-1C1D36DEB350}.Debug|Any CPU.ActiveCfg = Debug|Any CPU
		{B5E235EB-E38D-451E-9613-1C1D36DEB350}.Debug|Any CPU.Build.0 = Debug|Any CPU
		{B5E235EB-E38D-451E-9613-1C1D36DEB350}.Release|Any CPU.ActiveCfg = Release|Any CPU
		{B5E235EB-E38D-451E-9613-1C1D36DEB350}.Release|Any CPU.Build.0 = Release|Any CPU
		{17C3FCFF-BEBF-436F-8035-9B83BC41D7F9}.Debug|Any CPU.ActiveCfg = Debug|Any CPU
		{17C3FCFF-BEBF-436F-8035-9B83BC41D7F9}.Release|Any CPU.ActiveCfg = Release|Any CPU
		{37036F32-65B8-4543-944C-46D69E3F334A}.Debug|Any CPU.ActiveCfg = Debug|Any CPU
		{37036F32-65B8-4543-944C-46D69E3F334A}.Debug|Any CPU.Build.0 = Debug|Any CPU
		{37036F32-65B8-4543-944C-46D69E3F334A}.Release|Any CPU.ActiveCfg = Release|Any CPU
		{37036F32-65B8-4543-944C-46D69E3F334A}.Release|Any CPU.Build.0 = Release|Any CPU
		{E3B27F63-FA88-4269-B45A-2774E39CCC23}.Debug|Any CPU.ActiveCfg = Debug|Any CPU
		{E3B27F63-FA88-4269-B45A-2774E39CCC23}.Release|Any CPU.ActiveCfg = Release|Any CPU
		{F2FE379B-CDF1-4CE0-9767-8B0A7EEADA2B}.Debug|Any CPU.ActiveCfg = Debug|Any CPU
		{F2FE379B-CDF1-4CE0-9767-8B0A7EEADA2B}.Debug|Any CPU.Build.0 = Debug|Any CPU
		{F2FE379B-CDF1-4CE0-9767-8B0A7EEADA2B}.Release|Any CPU.ActiveCfg = Release|Any CPU
		{F2FE379B-CDF1-4CE0-9767-8B0A7EEADA2B}.Release|Any CPU.Build.0 = Release|Any CPU
		{12EB0B37-6A74-497C-B222-0AC5E1EB8F46}.Debug|Any CPU.ActiveCfg = Debug|Any CPU
		{12EB0B37-6A74-497C-B222-0AC5E1EB8F46}.Debug|Any CPU.Build.0 = Debug|Any CPU
		{12EB0B37-6A74-497C-B222-0AC5E1EB8F46}.Release|Any CPU.ActiveCfg = Release|Any CPU
		{12EB0B37-6A74-497C-B222-0AC5E1EB8F46}.Release|Any CPU.Build.0 = Release|Any CPU
	EndGlobalSection
	GlobalSection(SolutionProperties) = preSolution
		HideSolutionNode = FALSE
	EndGlobalSection
	GlobalSection(ExtensibilityGlobals) = postSolution
		SolutionGuid = {5E1C2AE2-1860-44D6-AFC4-B5CEBB8D392F}
	EndGlobalSection
EndGlobal
